
Microsoft Visual Studio Solution File, Format Version 12.00
# Visual Studio Version 16
VisualStudioVersion = 16.0.30406.217
MinimumVisualStudioVersion = 10.0.40219.1
Project("{2150E333-8FDC-42A3-9474-1A3956D46DE8}") = "1 - Apps", "1 - Apps", "{30909FEC-44E6-4C13-954A-79CB4D2037FE}"
EndProject
Project("{2150E333-8FDC-42A3-9474-1A3956D46DE8}") = "2 - Services", "2 - Services", "{8FE83521-B8F3-4E81-A666-3AB3A2997A10}"
EndProject
Project("{2150E333-8FDC-42A3-9474-1A3956D46DE8}") = "3 - Repositories", "3 - Repositories", "{B09435F6-7167-4724-883E-46D70A466344}"
EndProject
Project("{2150E333-8FDC-42A3-9474-1A3956D46DE8}") = "4 - Domains", "4 - Domains", "{374EE698-81A9-4071-83DD-F3DDBF7865EA}"
EndProject
Project("{2150E333-8FDC-42A3-9474-1A3956D46DE8}") = "8 - Tests", "8 - Tests", "{E97786EC-0F64-42EE-A622-4B2D13B3662B}"
EndProject
Project("{9A19103F-16F7-4668-BE54-9A1E7A4F7556}") = "RA.App.Domain", "RA.App.Domain\RA.App.Domain.csproj", "{1DB67447-9B7F-4305-9833-5C943EDDF228}"
EndProject
Project("{9A19103F-16F7-4668-BE54-9A1E7A4F7556}") = "RA.App.Service", "RA.App.Service\RA.App.Service.csproj", "{B76DC65E-B7F2-4181-939C-3EA4212D4E95}"
EndProject
Project("{9A19103F-16F7-4668-BE54-9A1E7A4F7556}") = "RA.App.WebApp", "RA.App.WebApp\RA.App.WebApp.csproj", "{376795AC-956A-478A-9498-F8789F4D58A3}"
EndProject
Project("{2150E333-8FDC-42A3-9474-1A3956D46DE8}") = "CommonRepository", "CommonRepository", "{89902D32-7C1C-43BC-81E6-1095C48AD602}"
EndProject
Project("{9A19103F-16F7-4668-BE54-9A1E7A4F7556}") = "RA.App.CommonRepository", "RA.App.CommonRepository\RA.App.CommonRepository.csproj", "{797BA6DD-A8C8-44E7-904A-E652708C2CDB}"
EndProject
Project("{2150E333-8FDC-42A3-9474-1A3956D46DE8}") = "MockRepository", "MockRepository", "{56491883-A3D3-409A-878E-4495F814144A}"
EndProject
Project("{9A19103F-16F7-4668-BE54-9A1E7A4F7556}") = "RA.App.MockRepository", "RA.App.MockRepository\RA.App.MockRepository.csproj", "{542AA101-D433-4F02-A525-2BB987BA4740}"
EndProject
Project("{2150E333-8FDC-42A3-9474-1A3956D46DE8}") = "5 - Exceptions", "5 - Exceptions", "{4E1E8D8B-4796-4EFB-B12D-6A0852A99325}"
EndProject
Project("{9A19103F-16F7-4668-BE54-9A1E7A4F7556}") = "RA.App.Exception", "RA.App.Exception\RA.App.Exception.csproj", "{B9A4AD0B-E06B-4A4C-BCE9-D0A2B26F78EB}"
EndProject
Project("{2150E333-8FDC-42A3-9474-1A3956D46DE8}") = "6 - Mappers", "6 - Mappers", "{829539F1-8512-42EA-9E5B-4C0E098453CA}"
EndProject
Project("{9A19103F-16F7-4668-BE54-9A1E7A4F7556}") = "RA.App.Mapper", "RA.App.Mapper\RA.App.Mapper.csproj", "{FA8F2AEF-2E34-480F-B33A-FC8BBB9D62C4}"
EndProject
Project("{2150E333-8FDC-42A3-9474-1A3956D46DE8}") = "7 - ViewModels", "7 - ViewModels", "{FB0F8760-6AD7-4CAB-8692-1B9AD7CB3723}"
EndProject
Project("{9A19103F-16F7-4668-BE54-9A1E7A4F7556}") = "RA.App.ViewModel", "RA.App.ViewModel\RA.App.ViewModel.csproj", "{CBAE555F-6840-428C-AC22-67FDA7FA7405}"
EndProject
Project("{FAE04EC0-301F-11D3-BF4B-00C04F79EFBC}") = "RA.App.Test", "RA.App.Test\RA.App.Test.csproj", "{953931FB-3BD8-48C1-AAA6-E210CD8F726A}"
EndProject
Global
	GlobalSection(SolutionConfigurationPlatforms) = preSolution
		Debug|Any CPU = Debug|Any CPU
		Release|Any CPU = Release|Any CPU
	EndGlobalSection
	GlobalSection(ProjectConfigurationPlatforms) = postSolution
		{1DB67447-9B7F-4305-9833-5C943EDDF228}.Debug|Any CPU.ActiveCfg = Debug|Any CPU
		{1DB67447-9B7F-4305-9833-5C943EDDF228}.Debug|Any CPU.Build.0 = Debug|Any CPU
		{1DB67447-9B7F-4305-9833-5C943EDDF228}.Release|Any CPU.ActiveCfg = Release|Any CPU
		{1DB67447-9B7F-4305-9833-5C943EDDF228}.Release|Any CPU.Build.0 = Release|Any CPU
		{B76DC65E-B7F2-4181-939C-3EA4212D4E95}.Debug|Any CPU.ActiveCfg = Debug|Any CPU
		{B76DC65E-B7F2-4181-939C-3EA4212D4E95}.Debug|Any CPU.Build.0 = Debug|Any CPU
		{B76DC65E-B7F2-4181-939C-3EA4212D4E95}.Release|Any CPU.ActiveCfg = Release|Any CPU
		{B76DC65E-B7F2-4181-939C-3EA4212D4E95}.Release|Any CPU.Build.0 = Release|Any CPU
		{376795AC-956A-478A-9498-F8789F4D58A3}.Debug|Any CPU.ActiveCfg = Debug|Any CPU
		{376795AC-956A-478A-9498-F8789F4D58A3}.Debug|Any CPU.Build.0 = Debug|Any CPU
		{376795AC-956A-478A-9498-F8789F4D58A3}.Release|Any CPU.ActiveCfg = Release|Any CPU
		{376795AC-956A-478A-9498-F8789F4D58A3}.Release|Any CPU.Build.0 = Release|Any CPU
		{797BA6DD-A8C8-44E7-904A-E652708C2CDB}.Debug|Any CPU.ActiveCfg = Debug|Any CPU
		{797BA6DD-A8C8-44E7-904A-E652708C2CDB}.Debug|Any CPU.Build.0 = Debug|Any CPU
		{797BA6DD-A8C8-44E7-904A-E652708C2CDB}.Release|Any CPU.ActiveCfg = Release|Any CPU
		{797BA6DD-A8C8-44E7-904A-E652708C2CDB}.Release|Any CPU.Build.0 = Release|Any CPU
		{542AA101-D433-4F02-A525-2BB987BA4740}.Debug|Any CPU.ActiveCfg = Debug|Any CPU
		{542AA101-D433-4F02-A525-2BB987BA4740}.Debug|Any CPU.Build.0 = Debug|Any CPU
		{542AA101-D433-4F02-A525-2BB987BA4740}.Release|Any CPU.ActiveCfg = Release|Any CPU
		{542AA101-D433-4F02-A525-2BB987BA4740}.Release|Any CPU.Build.0 = Release|Any CPU
		{B9A4AD0B-E06B-4A4C-BCE9-D0A2B26F78EB}.Debug|Any CPU.ActiveCfg = Debug|Any CPU
		{B9A4AD0B-E06B-4A4C-BCE9-D0A2B26F78EB}.Debug|Any CPU.Build.0 = Debug|Any CPU
		{B9A4AD0B-E06B-4A4C-BCE9-D0A2B26F78EB}.Release|Any CPU.ActiveCfg = Release|Any CPU
		{B9A4AD0B-E06B-4A4C-BCE9-D0A2B26F78EB}.Release|Any CPU.Build.0 = Release|Any CPU
		{FA8F2AEF-2E34-480F-B33A-FC8BBB9D62C4}.Debug|Any CPU.ActiveCfg = Debug|Any CPU
		{FA8F2AEF-2E34-480F-B33A-FC8BBB9D62C4}.Debug|Any CPU.Build.0 = Debug|Any CPU
		{FA8F2AEF-2E34-480F-B33A-FC8BBB9D62C4}.Release|Any CPU.ActiveCfg = Release|Any CPU
		{FA8F2AEF-2E34-480F-B33A-FC8BBB9D62C4}.Release|Any CPU.Build.0 = Release|Any CPU
		{CBAE555F-6840-428C-AC22-67FDA7FA7405}.Debug|Any CPU.ActiveCfg = Debug|Any CPU
		{CBAE555F-6840-428C-AC22-67FDA7FA7405}.Debug|Any CPU.Build.0 = Debug|Any CPU
		{CBAE555F-6840-428C-AC22-67FDA7FA7405}.Release|Any CPU.ActiveCfg = Release|Any CPU
		{CBAE555F-6840-428C-AC22-67FDA7FA7405}.Release|Any CPU.Build.0 = Release|Any CPU
		{953931FB-3BD8-48C1-AAA6-E210CD8F726A}.Debug|Any CPU.ActiveCfg = Debug|Any CPU
		{953931FB-3BD8-48C1-AAA6-E210CD8F726A}.Debug|Any CPU.Build.0 = Debug|Any CPU
		{953931FB-3BD8-48C1-AAA6-E210CD8F726A}.Release|Any CPU.ActiveCfg = Release|Any CPU
		{953931FB-3BD8-48C1-AAA6-E210CD8F726A}.Release|Any CPU.Build.0 = Release|Any CPU
	EndGlobalSection
	GlobalSection(SolutionProperties) = preSolution
		HideSolutionNode = FALSE
	EndGlobalSection
	GlobalSection(NestedProjects) = preSolution
		{1DB67447-9B7F-4305-9833-5C943EDDF228} = {374EE698-81A9-4071-83DD-F3DDBF7865EA}
		{B76DC65E-B7F2-4181-939C-3EA4212D4E95} = {8FE83521-B8F3-4E81-A666-3AB3A2997A10}
		{376795AC-956A-478A-9498-F8789F4D58A3} = {30909FEC-44E6-4C13-954A-79CB4D2037FE}
		{89902D32-7C1C-43BC-81E6-1095C48AD602} = {B09435F6-7167-4724-883E-46D70A466344}
		{797BA6DD-A8C8-44E7-904A-E652708C2CDB} = {89902D32-7C1C-43BC-81E6-1095C48AD602}
		{56491883-A3D3-409A-878E-4495F814144A} = {B09435F6-7167-4724-883E-46D70A466344}
		{542AA101-D433-4F02-A525-2BB987BA4740} = {56491883-A3D3-409A-878E-4495F814144A}
		{B9A4AD0B-E06B-4A4C-BCE9-D0A2B26F78EB} = {4E1E8D8B-4796-4EFB-B12D-6A0852A99325}
		{FA8F2AEF-2E34-480F-B33A-FC8BBB9D62C4} = {829539F1-8512-42EA-9E5B-4C0E098453CA}
		{CBAE555F-6840-428C-AC22-67FDA7FA7405} = {FB0F8760-6AD7-4CAB-8692-1B9AD7CB3723}
		{953931FB-3BD8-48C1-AAA6-E210CD8F726A} = {E97786EC-0F64-42EE-A622-4B2D13B3662B}
	EndGlobalSection
	GlobalSection(ExtensibilityGlobals) = postSolution
		SolutionGuid = {927C570D-C113-4D93-8685-441D877316CD}
	EndGlobalSection
EndGlobal
